# THIS IS AN AUTOGENERATED FILE. DO NOT EDIT THIS FILE DIRECTLY.
# yarn lockfile v1


vue2-touch-events@^3.0.0:
  version "3.0.0"
  resolved "https://registry.yarnpkg.com/vue2-touch-events/-/vue2-touch-events-3.0.0.tgz#20ce18cbe7438f5a8d8ad0e955207327c37279da"
  integrity sha512-0n5Nc88PL3L4/qOKpQkF0ggjNFjdnVkf+50Nc8SrOpKgYMRrjrEngDadWF8lzLZNKPgDupXfPbSdtzYfbyXO1Q==
